// !$*UTF8*$!
{
	archiveVersion = 1;
	classes = {
	};
	objectVersion = 46;
	objects = {

/* Begin PBXBuildFile section */
		A6220B711A799C8500F13172 /* main.cpp in Sources */ = {isa = PBXBuildFile; fileRef = A6220B701A799C8500F13172 /* main.cpp */; };
		A62B2CD31A7FE64500651875 /* libopencv_core.2.4.10.dylib in Frameworks */ = {isa = PBXBuildFile; fileRef = A62B2CD11A7FE64500651875 /* libopencv_core.2.4.10.dylib */; };
		A62B2CD41A7FE64500651875 /* libopencv_highgui.2.4.10.dylib in Frameworks */ = {isa = PBXBuildFile; fileRef = A62B2CD21A7FE64500651875 /* libopencv_highgui.2.4.10.dylib */; };
		A62B2CD61A7FE6D200651875 /* libopencv_imgproc.2.4.10.dylib in Frameworks */ = {isa = PBXBuildFile; fileRef = A62B2CD51A7FE6D200651875 /* libopencv_imgproc.2.4.10.dylib */; };
/* End PBXBuildFile section */

/* Begin PBXCopyFilesBuildPhase section */
		A6220B6B1A799C8500F13172 /* CopyFiles */ = {
			isa = PBXCopyFilesBuildPhase;
			buildActionMask = 2147483647;
			dstPath = /usr/share/man/man1/;
			dstSubfolderSpec = 0;
			files = (
			);
			runOnlyForDeploymentPostprocessing = 1;
		};
/* End PBXCopyFilesBuildPhase section */

/* Begin PBXFileReference section */
		A6220B6D1A799C8500F13172 /* MotionCapture */ = {isa = PBXFileReference; explicitFileType = "compiled.mach-o.executable"; includeInIndex = 0; path = MotionCapture; sourceTree = BUILT_PRODUCTS_DIR; };
		A6220B701A799C8500F13172 /* main.cpp */ = {isa = PBXFileReference; lastKnownFileType = sourcecode.cpp.cpp; path = main.cpp; sourceTree = "<group>"; };
		A62B2CD11A7FE64500651875 /* libopencv_core.2.4.10.dylib */ = {isa = PBXFileReference; lastKnownFileType = "compiled.mach-o.dylib"; name = libopencv_core.2.4.10.dylib; path = ../../../../../../usr/local/Cellar/opencv/2.4.10.1/lib/libopencv_core.2.4.10.dylib; sourceTree = "<group>"; };
		A62B2CD21A7FE64500651875 /* libopencv_highgui.2.4.10.dylib */ = {isa = PBXFileReference; lastKnownFileType = "compiled.mach-o.dylib"; name = libopencv_highgui.2.4.10.dylib; path = ../../../../../../usr/local/Cellar/opencv/2.4.10.1/lib/libopencv_highgui.2.4.10.dylib; sourceTree = "<group>"; };
		A62B2CD51A7FE6D200651875 /* libopencv_imgproc.2.4.10.dylib */ = {isa = PBXFileReference; lastKnownFileType = "compiled.mach-o.dylib"; name = libopencv_imgproc.2.4.10.dylib; path = ../../../../../../usr/local/Cellar/opencv/2.4.10.1/lib/libopencv_imgproc.2.4.10.dylib; sourceTree = "<group>"; };
/* End PBXFileReference section */

/* Begin PBXFrameworksBuildPhase section */
		A6220B6A1A799C8500F13172 /* Frameworks */ = {
			isa = PBXFrameworksBuildPhase;
			buildActionMask = 2147483647;
			files = (
				A62B2CD31A7FE64500651875 /* libopencv_core.2.4.10.dylib in Frameworks */,
				A62B2CD41A7FE64500651875 /* libopencv_highgui.2.4.10.dylib in Frameworks */,
				A62B2CD61A7FE6D200651875 /* libopencv_imgproc.2.4.10.dylib in Frameworks */,
			);
			runOnlyForDeploymentPostprocessing = 0;
		};
/* End PBXFrameworksBuildPhase section */

/* Begin PBXGroup section */
		A6220B641A799C8500F13172 = {
			isa = PBXGroup;
			children = (
				A62B2CD51A7FE6D200651875 /* libopencv_imgproc.2.4.10.dylib */,
				A62B2CD11A7FE64500651875 /* libopencv_core.2.4.10.dylib */,
				A62B2CD21A7FE64500651875 /* libopencv_highgui.2.4.10.dylib */,
				A6220B6F1A799C8500F13172 /* MotionCapture */,
				A6220B6E1A799C8500F13172 /* Products */,
			);
			sourceTree = "<group>";
		};
		A6220B6E1A799C8500F13172 /* Products */ = {
			isa = PBXGroup;
			children = (
				A6220B6D1A799C8500F13172 /* MotionCapture */,
			);
			name = Products;
			sourceTree = "<group>";
		};
		A6220B6F1A799C8500F13172 /* MotionCapture */ = {
			isa = PBXGroup;
			children = (
				A6220B701A799C8500F13172 /* main.cpp */,
			);
			path = MotionCapture;
			sourceTree = "<group>";
		};
/* End PBXGroup section */

/* Begin PBXNativeTarget section */
		A6220B6C1A799C8500F13172 /* MotionCapture */ = {
			isa = PBXNativeTarget;
			buildConfigurationList = A6220B741A799C8500F13172 /* Build configuration list for PBXNativeTarget "MotionCapture" */;
			buildPhases = (
				A6220B691A799C8500F13172 /* Sources */,
				A6220B6A1A799C8500F13172 /* Frameworks */,
				A6220B6B1A799C8500F13172 /* CopyFiles */,
			);
			buildRules = (
			);
			dependencies = (
			);
			name = MotionCapture;
			productName = MotionCapture;
			productReference = A6220B6D1A799C8500F13172 /* MotionCapture */;
			productType = "com.apple.product-type.tool";
		};
/* End PBXNativeTarget section */

/* Begin PBXProject section */
		A6220B651A799C8500F13172 /* Project object */ = {
			isa = PBXProject;
			attributes = {
				LastUpgradeCheck = 0610;
				ORGANIZATIONNAME = "Rishad Bharucha";
				TargetAttributes = {
					A6220B6C1A799C8500F13172 = {
						CreatedOnToolsVersion = 6.1.1;
					};
				};
			};
			buildConfigurationList = A6220B681A799C8500F13172 /* Build configuration list for PBXProject "MotionCapture" */;
			compatibilityVersion = "Xcode 3.2";
			developmentRegion = English;
			hasScannedForEncodings = 0;
			knownRegions = (
				en,
			);
			mainGroup = A6220B641A799C8500F13172;
			productRefGroup = A6220B6E1A799C8500F13172 /* Products */;
			projectDirPath = "";
			projectRoot = "";
			targets = (
				A6220B6C1A799C8500F13172 /* MotionCapture */,
			);
		};
/* End PBXProject section */

/* Begin PBXSourcesBuildPhase section */
		A6220B691A799C8500F13172 /* Sources */ = {
			isa = PBXSourcesBuildPhase;
			buildActionMask = 2147483647;
			files = (
				A6220B711A799C8500F13172 /* main.cpp in Sources */,
			);
			runOnlyForDeploymentPostprocessing = 0;
		};
/* End PBXSourcesBuildPhase section */

/* Begin XCBuildConfiguration section */
		A6220B721A799C8500F13172 /* Debug */ = {
			isa = XCBuildConfiguration;
			buildSettings = {
				ALWAYS_SEARCH_USER_PATHS = NO;
				CLANG_CXX_LANGUAGE_STANDARD = "gnu++0x";
				CLANG_CXX_LIBRARY = "libc++";
				CLANG_ENABLE_MODULES = YES;
				CLANG_ENABLE_OBJC_ARC = YES;
				CLANG_WARN_BOOL_CONVERSION = YES;
				CLANG_WARN_CONSTANT_CONVERSION = YES;
				CLANG_WARN_DIRECT_OBJC_ISA_USAGE = YES_ERROR;
				CLANG_WARN_EMPTY_BODY = YES;
				CLANG_WARN_ENUM_CONVERSION = YES;
				CLANG_WARN_INT_CONVERSION = YES;
				CLANG_WARN_OBJC_ROOT_CLASS = YES_ERROR;
				CLANG_WARN_UNREACHABLE_CODE = YES;
				CLANG_WARN__DUPLICATE_METHOD_MATCH = YES;
				COPY_PHASE_STRIP = NO;
				ENABLE_STRICT_OBJC_MSGSEND = YES;
				GCC_C_LANGUAGE_STANDARD = gnu99;
				GCC_DYNAMIC_NO_PIC = NO;
				GCC_OPTIMIZATION_LEVEL = 0;
				GCC_PREPROCESSOR_DEFINITIONS = (
					"DEBUG=1",
					"$(inherited)",
				);
				GCC_SYMBOLS_PRIVATE_EXTERN = NO;
				GCC_WARN_64_TO_32_BIT_CONVERSION = YES;
				GCC_WARN_ABOUT_RETURN_TYPE = YES_ERROR;
				GCC_WARN_UNDECLARED_SELECTOR = YES;
				GCC_WARN_UNINITIALIZED_AUTOS = YES_AGGRESSIVE;
				GCC_WARN_UNUSED_FUNCTION = YES;
				GCC_WARN_UNUSED_VARIABLE = YES;
				MACOSX_DEPLOYMENT_TARGET = 10.10;
				MTL_ENABLE_DEBUG_INFO = YES;
				ONLY_ACTIVE_ARCH = YES;
				SDKROOT = macosx;
			};
			name = Debug;
		};
		A6220B731A799C8500F13172 /* Release */ = {
			isa = XCBuildConfiguration;
			buildSettings = {
				ALWAYS_SEARCH_USER_PATHS = NO;
				CLANG_CXX_LANGUAGE_STANDARD = "gnu++0x";
				CLANG_CXX_LIBRARY = "libc++";
				CLANG_ENABLE_MODULES = YES;
				CLANG_ENABLE_OBJC_ARC = YES;
				CLANG_WARN_BOOL_CONVERSION = YES;
				CLANG_WARN_CONSTANT_CONVERSION = YES;
				CLANG_WARN_DIRECT_OBJC_ISA_USAGE = YES_ERROR;
				CLANG_WARN_EMPTY_BODY = YES;
				CLANG_WARN_ENUM_CONVERSION = YES;
				CLANG_WARN_INT_CONVERSION = YES;
				CLANG_WARN_OBJC_ROOT_CLASS = YES_ERROR;
				CLANG_WARN_UNREACHABLE_CODE = YES;
				CLANG_WARN__DUPLICATE_METHOD_MATCH = YES;
				COPY_PHASE_STRIP = YES;
				DEBUG_INFORMATION_FORMAT = "dwarf-with-dsym";
				ENABLE_NS_ASSERTIONS = NO;
				ENABLE_STRICT_OBJC_MSGSEND = YES;
				GCC_C_LANGUAGE_STANDARD = gnu99;
				GCC_WARN_64_TO_32_BIT_CONVERSION = YES;
				GCC_WARN_ABOUT_RETURN_TYPE = YES_ERROR;
				GCC_WARN_UNDECLARED_SELECTOR = YES;
				GCC_WARN_UNINITIALIZED_AUTOS = YES_AGGRESSIVE;
				GCC_WARN_UNUSED_FUNCTION = YES;
				GCC_WARN_UNUSED_VARIABLE = YES;
				MACOSX_DEPLOYMENT_TARGET = 10.10;
				MTL_ENABLE_DEBUG_INFO = NO;
				SDKROOT = macosx;
			};
			name = Release;
		};
		A6220B751A799C8500F13172 /* Debug */ = {
			isa = XCBuildConfiguration;
			buildSettings = {
				HEADER_SEARCH_PATHS = (
					"$(inherited)",
					/Applications/Xcode.app/Contents/Developer/Toolchains/XcodeDefault.xctoolchain/usr/include,
					/usr/local/include,
				);
				LIBRARY_SEARCH_PATHS = (
					/usr/local/lib/,
					/usr/local/Cellar/opencv/2.4.10.1/lib,
				);
				PRODUCT_NAME = "$(TARGET_NAME)";
			};
			name = Debug;
		};
		A6220B761A799C8500F13172 /* Release */ = {
			isa = XCBuildConfiguration;
			buildSettings = {
				HEADER_SEARCH_PATHS = (
					"$(inherited)",
					/Applications/Xcode.app/Contents/Developer/Toolchains/XcodeDefault.xctoolchain/usr/include,
					/usr/local/include,
				);
				LIBRARY_SEARCH_PATHS = (
					/usr/local/lib/,
					/usr/local/Cellar/opencv/2.4.10.1/lib,
				);
				PRODUCT_NAME = "$(TARGET_NAME)";
			};
			name = Release;
		};
/* End XCBuildConfiguration section */

/* Begin XCConfigurationList section */
		A6220B681A799C8500F13172 /* Build configuration list for PBXProject "MotionCapture" */ = {
			isa = XCConfigurationList;
			buildConfigurations = (
				A6220B721A799C8500F13172 /* Debug */,
				A6220B731A799C8500F13172 /* Release */,
			);
			defaultConfigurationIsVisible = 0;
			defaultConfigurationName = Release;
		};
		A6220B741A799C8500F13172 /* Build configuration list for PBXNativeTarget "MotionCapture" */ = {
			isa = XCConfigurationList;
			buildConfigurations = (
				A6220B751A799C8500F13172 /* Debug */,
				A6220B761A799C8500F13172 /* Release */,
			);
			defaultConfigurationIsVisible = 0;
			defaultConfigurationName = Release;
		};
/* End XCConfigurationList section */
	};
	rootObject = A6220B651A799C8500F13172 /* Project object */;
}
